{
  "name": "workspace",
  "lockfileVersion": 3,
  "requires": true,
  "packages": {
    "": {
      "dependencies": {
        "supermemory": "^4.11.1"
      }
    },
    "node_modules/supermemory": {
      "version": "4.11.1",
      "resolved": "https://registry.npmjs.org/supermemory/-/supermemory-4.11.1.tgz",
      "integrity": "sha512-L5I/inWEIjtD+kw/2TAZ7ZsZa3kCYzlXXeNHd09ueFoExvCHLjzTW4SCnN6GjbhE7CZUcwTXA9SttZvihLa8gQ==",
      "license": "Apache-2.0"
    }
  }
}
